
Microsoft Visual Studio Solution File, Format Version 12.00
# Visual Studio 2013
Project("{FAE04EC0-301F-11D3-BF4B-00C04F79EFBC}") = "UnityVS.new.CSharp", "UnityVS.new.CSharp.csproj", "{03D8D8F2-2158-4D2A-20C9-246EF8C2AA86}"
EndProject
Project("{FAE04EC0-301F-11D3-BF4B-00C04F79EFBC}") = "UnityVS.new.CSharp.Editor", "UnityVS.new.CSharp.Editor.csproj", "{69DF5C82-280C-EF4B-B8B3-61015780412F}"
EndProject
Project("{FAE04EC0-301F-11D3-BF4B-00C04F79EFBC}") = "UnityVS.new.CSharp.Plugins", "UnityVS.new.CSharp.Plugins.csproj", "{3E5A6BA7-6E1F-716B-62DE-974BB1D31F3B}"
EndProject
Global
	GlobalSection(SolutionConfigurationPlatforms) = preSolution
		Debug|Any CPU = Debug|Any CPU
		Release|Any CPU = Release|Any CPU
	EndGlobalSection
	GlobalSection(ProjectConfigurationPlatforms) = postSolution
		{03D8D8F2-2158-4D2A-20C9-246EF8C2AA86}.Debug|Any CPU.ActiveCfg = Debug|Any CPU
		{03D8D8F2-2158-4D2A-20C9-246EF8C2AA86}.Debug|Any CPU.Build.0 = Debug|Any CPU
		{03D8D8F2-2158-4D2A-20C9-246EF8C2AA86}.Release|Any CPU.ActiveCfg = Release|Any CPU
		{03D8D8F2-2158-4D2A-20C9-246EF8C2AA86}.Release|Any CPU.Build.0 = Release|Any CPU
		{69DF5C82-280C-EF4B-B8B3-61015780412F}.Debug|Any CPU.ActiveCfg = Debug|Any CPU
		{69DF5C82-280C-EF4B-B8B3-61015780412F}.Debug|Any CPU.Build.0 = Debug|Any CPU
		{69DF5C82-280C-EF4B-B8B3-61015780412F}.Release|Any CPU.ActiveCfg = Release|Any CPU
		{69DF5C82-280C-EF4B-B8B3-61015780412F}.Release|Any CPU.Build.0 = Release|Any CPU
		{3E5A6BA7-6E1F-716B-62DE-974BB1D31F3B}.Debug|Any CPU.ActiveCfg = Debug|Any CPU
		{3E5A6BA7-6E1F-716B-62DE-974BB1D31F3B}.Debug|Any CPU.Build.0 = Debug|Any CPU
		{3E5A6BA7-6E1F-716B-62DE-974BB1D31F3B}.Release|Any CPU.ActiveCfg = Release|Any CPU
		{3E5A6BA7-6E1F-716B-62DE-974BB1D31F3B}.Release|Any CPU.Build.0 = Release|Any CPU
	EndGlobalSection
	GlobalSection(SolutionProperties) = preSolution
		HideSolutionNode = FALSE
	EndGlobalSection
EndGlobal
